
Microsoft Visual Studio Solution File, Format Version 12.00
# Visual Studio Version 16
VisualStudioVersion = 16.0.30330.147
MinimumVisualStudioVersion = 10.0.40219.1
Project("{FAE04EC0-301F-11D3-BF4B-00C04F79EFBC}") = "APIstudent", "APIstudent\APIstudent.csproj", "{72AFA3E9-7CD2-4D55-A18C-A007E10C1E5D}"
EndProject
Global
	GlobalSection(SolutionConfigurationPlatforms) = preSolution
		Debug|Any CPU = Debug|Any CPU
		Release|Any CPU = Release|Any CPU
	EndGlobalSection
	GlobalSection(ProjectConfigurationPlatforms) = postSolution
		{72AFA3E9-7CD2-4D55-A18C-A007E10C1E5D}.Debug|Any CPU.ActiveCfg = Debug|Any CPU
		{72AFA3E9-7CD2-4D55-A18C-A007E10C1E5D}.Debug|Any CPU.Build.0 = Debug|Any CPU
		{72AFA3E9-7CD2-4D55-A18C-A007E10C1E5D}.Release|Any CPU.ActiveCfg = Release|Any CPU
		{72AFA3E9-7CD2-4D55-A18C-A007E10C1E5D}.Release|Any CPU.Build.0 = Release|Any CPU
	EndGlobalSection
	GlobalSection(SolutionProperties) = preSolution
		HideSolutionNode = FALSE
	EndGlobalSection
	GlobalSection(ExtensibilityGlobals) = postSolution
		SolutionGuid = {DD8C9E12-18F9-4F93-91FA-FEAA9D819A50}
	EndGlobalSection
EndGlobal
